
Microsoft Visual Studio Solution File, Format Version 12.00
# Visual Studio Version 17
VisualStudioVersion = 17.4.33103.184
MinimumVisualStudioVersion = 10.0.40219.1
Project("{FAE04EC0-301F-11D3-BF4B-00C04F79EFBC}") = "Tapanyagok.API", "Tapanyagok.API\Tapanyagok.API.csproj", "{8D215977-F320-4190-B546-33AFEF1C2A5C}"
EndProject
Global
	GlobalSection(SolutionConfigurationPlatforms) = preSolution
		Debug|Any CPU = Debug|Any CPU
		Release|Any CPU = Release|Any CPU
	EndGlobalSection
	GlobalSection(ProjectConfigurationPlatforms) = postSolution
		{8D215977-F320-4190-B546-33AFEF1C2A5C}.Debug|Any CPU.ActiveCfg = Debug|Any CPU
		{8D215977-F320-4190-B546-33AFEF1C2A5C}.Debug|Any CPU.Build.0 = Debug|Any CPU
		{8D215977-F320-4190-B546-33AFEF1C2A5C}.Release|Any CPU.ActiveCfg = Release|Any CPU
		{8D215977-F320-4190-B546-33AFEF1C2A5C}.Release|Any CPU.Build.0 = Release|Any CPU
	EndGlobalSection
	GlobalSection(SolutionProperties) = preSolution
		HideSolutionNode = FALSE
	EndGlobalSection
	GlobalSection(ExtensibilityGlobals) = postSolution
		SolutionGuid = {3A8FBBD9-2C03-4030-A7C0-8B3C4AB20A01}
	EndGlobalSection
EndGlobal
